
Microsoft Visual Studio Solution File, Format Version 12.00
# Visual Studio Version 16
VisualStudioVersion = 16.0.30002.166
MinimumVisualStudioVersion = 10.0.40219.1
Project("{FAE04EC0-301F-11D3-BF4B-00C04F79EFBC}") = "CovertXmlCsv", "CovertXmlCsv\CovertXmlCsv.csproj", "{5EB9709F-E870-4D7F-9EE1-BFFC90AEC93E}"
EndProject
Global
	GlobalSection(SolutionConfigurationPlatforms) = preSolution
		Debug|Any CPU = Debug|Any CPU
		Release|Any CPU = Release|Any CPU
	EndGlobalSection
	GlobalSection(ProjectConfigurationPlatforms) = postSolution
		{5EB9709F-E870-4D7F-9EE1-BFFC90AEC93E}.Debug|Any CPU.ActiveCfg = Debug|Any CPU
		{5EB9709F-E870-4D7F-9EE1-BFFC90AEC93E}.Debug|Any CPU.Build.0 = Debug|Any CPU
		{5EB9709F-E870-4D7F-9EE1-BFFC90AEC93E}.Release|Any CPU.ActiveCfg = Release|Any CPU
		{5EB9709F-E870-4D7F-9EE1-BFFC90AEC93E}.Release|Any CPU.Build.0 = Release|Any CPU
	EndGlobalSection
	GlobalSection(SolutionProperties) = preSolution
		HideSolutionNode = FALSE
	EndGlobalSection
	GlobalSection(ExtensibilityGlobals) = postSolution
		SolutionGuid = {3F997C6E-AD08-41A3-A1CE-77A99C0A952A}
	EndGlobalSection
EndGlobal
